// !$*UTF8*$!
{
	archiveVersion = 1;
	classes = {
	};
	objectVersion = 56;
	objects = {

/* Begin PBXBuildFile section */
		4F22F78D2BCA995A00D26908 /* CurrencyPickerView.swift in Sources */ = {isa = PBXBuildFile; fileRef = 4F22F78C2BCA995900D26908 /* CurrencyPickerView.swift */; };
		4F8302782BCC359F004A5882 /* NetworthView.swift in Sources */ = {isa = PBXBuildFile; fileRef = 4F8302772BCC359F004A5882 /* NetworthView.swift */; };
		4F83027A2BCC39F9004A5882 /* TxnsListView.swift in Sources */ = {isa = PBXBuildFile; fileRef = 4F8302792BCC39F9004A5882 /* TxnsListView.swift */; };
		4FBE55B52BC30956008CBC42 /* AccountsListView.swift in Sources */ = {isa = PBXBuildFile; fileRef = 4FBE55B42BC30956008CBC42 /* AccountsListView.swift */; };
		4FBE55B72BC32A1D008CBC42 /* Transaction.swift in Sources */ = {isa = PBXBuildFile; fileRef = 4FBE55B62BC32A1D008CBC42 /* Transaction.swift */; };
		4FBE55BD2BC3D00A008CBC42 /* UpdatesView.swift in Sources */ = {isa = PBXBuildFile; fileRef = 4FBE55BC2BC3D00A008CBC42 /* UpdatesView.swift */; };
		4FBE55BF2BC3D1EE008CBC42 /* BankCardView.swift in Sources */ = {isa = PBXBuildFile; fileRef = 4FBE55BE2BC3D1EE008CBC42 /* BankCardView.swift */; };
		4FBE55C12BC3DEBF008CBC42 /* LockView.swift in Sources */ = {isa = PBXBuildFile; fileRef = 4FBE55C02BC3DEBF008CBC42 /* LockView.swift */; };
		4FC1FF162BC7FDF0001912A8 /* CurrencyRates.swift in Sources */ = {isa = PBXBuildFile; fileRef = 4FC1FF152BC7FDF0001912A8 /* CurrencyRates.swift */; };
		4FC3C8962BBD77DC00C8911B /* networtApp.swift in Sources */ = {isa = PBXBuildFile; fileRef = 4FC3C8952BBD77DC00C8911B /* networtApp.swift */; };
		4FC3C89C2BBD77E400C8911B /* Assets.xcassets in Resources */ = {isa = PBXBuildFile; fileRef = 4FC3C89B2BBD77E400C8911B /* Assets.xcassets */; };
		4FC3C89F2BBD77E400C8911B /* Preview Assets.xcassets in Resources */ = {isa = PBXBuildFile; fileRef = 4FC3C89E2BBD77E400C8911B /* Preview Assets.xcassets */; };
		4FC3C8A92BBD77E500C8911B /* networtTests.swift in Sources */ = {isa = PBXBuildFile; fileRef = 4FC3C8A82BBD77E500C8911B /* networtTests.swift */; };
		4FC3C8B32BBD77E500C8911B /* networtUITests.swift in Sources */ = {isa = PBXBuildFile; fileRef = 4FC3C8B22BBD77E500C8911B /* networtUITests.swift */; };
		4FC3C8B52BBD77E500C8911B /* networtUITestsLaunchTests.swift in Sources */ = {isa = PBXBuildFile; fileRef = 4FC3C8B42BBD77E500C8911B /* networtUITestsLaunchTests.swift */; };
		4FC448D42BD410E000E87A4F /* CurrencyListPickerView.swift in Sources */ = {isa = PBXBuildFile; fileRef = 4FC448D32BD410E000E87A4F /* CurrencyListPickerView.swift */; };
		4FC7A54A2BC2B99A005CA5B2 /* BankInfo.swift in Sources */ = {isa = PBXBuildFile; fileRef = 4FC7A5492BC2B99A005CA5B2 /* BankInfo.swift */; };
		4FC7A54C2BC2C07A005CA5B2 /* AddBankAccount.swift in Sources */ = {isa = PBXBuildFile; fileRef = 4FC7A54B2BC2C07A005CA5B2 /* AddBankAccount.swift */; };
		4FC7A54E2BC2D094005CA5B2 /* SettingsView.swift in Sources */ = {isa = PBXBuildFile; fileRef = 4FC7A54D2BC2D094005CA5B2 /* SettingsView.swift */; };
		4FC7A5502BC2D804005CA5B2 /* GlobalSettings.swift in Sources */ = {isa = PBXBuildFile; fileRef = 4FC7A54F2BC2D804005CA5B2 /* GlobalSettings.swift */; };
/* End PBXBuildFile section */

/* Begin PBXContainerItemProxy section */
		4FC3C8A52BBD77E500C8911B /* PBXContainerItemProxy */ = {
			isa = PBXContainerItemProxy;
			containerPortal = 4FC3C88A2BBD77DB00C8911B /* Project object */;
			proxyType = 1;
			remoteGlobalIDString = 4FC3C8912BBD77DB00C8911B;
			remoteInfo = networt;
		};
		4FC3C8AF2BBD77E500C8911B /* PBXContainerItemProxy */ = {
			isa = PBXContainerItemProxy;
			containerPortal = 4FC3C88A2BBD77DB00C8911B /* Project object */;
			proxyType = 1;
			remoteGlobalIDString = 4FC3C8912BBD77DB00C8911B;
			remoteInfo = networt;
		};
/* End PBXContainerItemProxy section */

/* Begin PBXFileReference section */
		4F22F78C2BCA995900D26908 /* CurrencyPickerView.swift */ = {isa = PBXFileReference; lastKnownFileType = sourcecode.swift; path = CurrencyPickerView.swift; sourceTree = "<group>"; };
		4F8302772BCC359F004A5882 /* NetworthView.swift */ = {isa = PBXFileReference; lastKnownFileType = sourcecode.swift; path = NetworthView.swift; sourceTree = "<group>"; };
		4F8302792BCC39F9004A5882 /* TxnsListView.swift */ = {isa = PBXFileReference; lastKnownFileType = sourcecode.swift; path = TxnsListView.swift; sourceTree = "<group>"; };
		4FBE55B42BC30956008CBC42 /* AccountsListView.swift */ = {isa = PBXFileReference; lastKnownFileType = sourcecode.swift; path = AccountsListView.swift; sourceTree = "<group>"; };
		4FBE55B62BC32A1D008CBC42 /* Transaction.swift */ = {isa = PBXFileReference; lastKnownFileType = sourcecode.swift; path = Transaction.swift; sourceTree = "<group>"; };
		4FBE55BC2BC3D00A008CBC42 /* UpdatesView.swift */ = {isa = PBXFileReference; lastKnownFileType = sourcecode.swift; path = UpdatesView.swift; sourceTree = "<group>"; };
		4FBE55BE2BC3D1EE008CBC42 /* BankCardView.swift */ = {isa = PBXFileReference; lastKnownFileType = sourcecode.swift; path = BankCardView.swift; sourceTree = "<group>"; };
		4FBE55C02BC3DEBF008CBC42 /* LockView.swift */ = {isa = PBXFileReference; lastKnownFileType = sourcecode.swift; path = LockView.swift; sourceTree = "<group>"; };
		4FC1FF152BC7FDF0001912A8 /* CurrencyRates.swift */ = {isa = PBXFileReference; lastKnownFileType = sourcecode.swift; path = CurrencyRates.swift; sourceTree = "<group>"; };
		4FC3C8922BBD77DB00C8911B /* networt.app */ = {isa = PBXFileReference; explicitFileType = wrapper.application; includeInIndex = 0; path = networt.app; sourceTree = BUILT_PRODUCTS_DIR; };
		4FC3C8952BBD77DC00C8911B /* networtApp.swift */ = {isa = PBXFileReference; lastKnownFileType = sourcecode.swift; path = networtApp.swift; sourceTree = "<group>"; };
		4FC3C89B2BBD77E400C8911B /* Assets.xcassets */ = {isa = PBXFileReference; lastKnownFileType = folder.assetcatalog; path = Assets.xcassets; sourceTree = "<group>"; };
		4FC3C89E2BBD77E400C8911B /* Preview Assets.xcassets */ = {isa = PBXFileReference; lastKnownFileType = folder.assetcatalog; path = "Preview Assets.xcassets"; sourceTree = "<group>"; };
		4FC3C8A42BBD77E500C8911B /* networtTests.xctest */ = {isa = PBXFileReference; explicitFileType = wrapper.cfbundle; includeInIndex = 0; path = networtTests.xctest; sourceTree = BUILT_PRODUCTS_DIR; };
		4FC3C8A82BBD77E500C8911B /* networtTests.swift */ = {isa = PBXFileReference; lastKnownFileType = sourcecode.swift; path = networtTests.swift; sourceTree = "<group>"; };
		4FC3C8AE2BBD77E500C8911B /* networtUITests.xctest */ = {isa = PBXFileReference; explicitFileType = wrapper.cfbundle; includeInIndex = 0; path = networtUITests.xctest; sourceTree = BUILT_PRODUCTS_DIR; };
		4FC3C8B22BBD77E500C8911B /* networtUITests.swift */ = {isa = PBXFileReference; lastKnownFileType = sourcecode.swift; path = networtUITests.swift; sourceTree = "<group>"; };
		4FC3C8B42BBD77E500C8911B /* networtUITestsLaunchTests.swift */ = {isa = PBXFileReference; lastKnownFileType = sourcecode.swift; path = networtUITestsLaunchTests.swift; sourceTree = "<group>"; };
		4FC448D32BD410E000E87A4F /* CurrencyListPickerView.swift */ = {isa = PBXFileReference; lastKnownFileType = sourcecode.swift; path = CurrencyListPickerView.swift; sourceTree = "<group>"; };
		4FC7A5492BC2B99A005CA5B2 /* BankInfo.swift */ = {isa = PBXFileReference; lastKnownFileType = sourcecode.swift; path = BankInfo.swift; sourceTree = "<group>"; };
		4FC7A54B2BC2C07A005CA5B2 /* AddBankAccount.swift */ = {isa = PBXFileReference; lastKnownFileType = sourcecode.swift; path = AddBankAccount.swift; sourceTree = "<group>"; };
		4FC7A54D2BC2D094005CA5B2 /* SettingsView.swift */ = {isa = PBXFileReference; lastKnownFileType = sourcecode.swift; path = SettingsView.swift; sourceTree = "<group>"; };
		4FC7A54F2BC2D804005CA5B2 /* GlobalSettings.swift */ = {isa = PBXFileReference; lastKnownFileType = sourcecode.swift; path = GlobalSettings.swift; sourceTree = "<group>"; };
/* End PBXFileReference section */

/* Begin PBXFrameworksBuildPhase section */
		4FC3C88F2BBD77DB00C8911B /* Frameworks */ = {
			isa = PBXFrameworksBuildPhase;
			buildActionMask = 2147483647;
			files = (
			);
			runOnlyForDeploymentPostprocessing = 0;
		};
		4FC3C8A12BBD77E500C8911B /* Frameworks */ = {
			isa = PBXFrameworksBuildPhase;
			buildActionMask = 2147483647;
			files = (
			);
			runOnlyForDeploymentPostprocessing = 0;
		};
		4FC3C8AB2BBD77E500C8911B /* Frameworks */ = {
			isa = PBXFrameworksBuildPhase;
			buildActionMask = 2147483647;
			files = (
			);
			runOnlyForDeploymentPostprocessing = 0;
		};
/* End PBXFrameworksBuildPhase section */

/* Begin PBXGroup section */
		4FBE55BA2BC3C461008CBC42 /* model */ = {
			isa = PBXGroup;
			children = (
				4FBE55B62BC32A1D008CBC42 /* Transaction.swift */,
				4FC7A5492BC2B99A005CA5B2 /* BankInfo.swift */,
				4FC7A54F2BC2D804005CA5B2 /* GlobalSettings.swift */,
			);
			path = model;
			sourceTree = "<group>";
		};
		4FBE55BB2BC3C467008CBC42 /* views */ = {
			isa = PBXGroup;
			children = (
				4FC7A54B2BC2C07A005CA5B2 /* AddBankAccount.swift */,
				4FC7A54D2BC2D094005CA5B2 /* SettingsView.swift */,
				4FBE55B42BC30956008CBC42 /* AccountsListView.swift */,
				4FBE55BC2BC3D00A008CBC42 /* UpdatesView.swift */,
				4FBE55BE2BC3D1EE008CBC42 /* BankCardView.swift */,
				4FBE55C02BC3DEBF008CBC42 /* LockView.swift */,
				4F22F78C2BCA995900D26908 /* CurrencyPickerView.swift */,
				4F8302792BCC39F9004A5882 /* TxnsListView.swift */,
				4FC448D32BD410E000E87A4F /* CurrencyListPickerView.swift */,
			);
			path = views;
			sourceTree = "<group>";
		};
		4FC1FF142BC7FDD5001912A8 /* services */ = {
			isa = PBXGroup;
			children = (
				4FC1FF152BC7FDF0001912A8 /* CurrencyRates.swift */,
			);
			path = services;
			sourceTree = "<group>";
		};
		4FC3C8892BBD77DB00C8911B = {
			isa = PBXGroup;
			children = (
				4FC3C8942BBD77DB00C8911B /* networt */,
				4FC3C8A72BBD77E500C8911B /* networtTests */,
				4FC3C8B12BBD77E500C8911B /* networtUITests */,
				4FC3C8932BBD77DB00C8911B /* Products */,
			);
			sourceTree = "<group>";
		};
		4FC3C8932BBD77DB00C8911B /* Products */ = {
			isa = PBXGroup;
			children = (
				4FC3C8922BBD77DB00C8911B /* networt.app */,
				4FC3C8A42BBD77E500C8911B /* networtTests.xctest */,
				4FC3C8AE2BBD77E500C8911B /* networtUITests.xctest */,
			);
			name = Products;
			sourceTree = "<group>";
		};
		4FC3C8942BBD77DB00C8911B /* networt */ = {
			isa = PBXGroup;
			children = (
				4FC1FF142BC7FDD5001912A8 /* services */,
				4FBE55BB2BC3C467008CBC42 /* views */,
				4FBE55BA2BC3C461008CBC42 /* model */,
				4FC3C8952BBD77DC00C8911B /* networtApp.swift */,
				4FC3C89B2BBD77E400C8911B /* Assets.xcassets */,
				4FC3C89D2BBD77E400C8911B /* Preview Content */,
				4F8302772BCC359F004A5882 /* NetworthView.swift */,
			);
			path = networt;
			sourceTree = "<group>";
		};
		4FC3C89D2BBD77E400C8911B /* Preview Content */ = {
			isa = PBXGroup;
			children = (
				4FC3C89E2BBD77E400C8911B /* Preview Assets.xcassets */,
			);
			path = "Preview Content";
			sourceTree = "<group>";
		};
		4FC3C8A72BBD77E500C8911B /* networtTests */ = {
			isa = PBXGroup;
			children = (
				4FC3C8A82BBD77E500C8911B /* networtTests.swift */,
			);
			path = networtTests;
			sourceTree = "<group>";
		};
		4FC3C8B12BBD77E500C8911B /* networtUITests */ = {
			isa = PBXGroup;
			children = (
				4FC3C8B22BBD77E500C8911B /* networtUITests.swift */,
				4FC3C8B42BBD77E500C8911B /* networtUITestsLaunchTests.swift */,
			);
			path = networtUITests;
			sourceTree = "<group>";
		};
/* End PBXGroup section */

/* Begin PBXNativeTarget section */
		4FC3C8912BBD77DB00C8911B /* networt */ = {
			isa = PBXNativeTarget;
			buildConfigurationList = 4FC3C8B82BBD77E500C8911B /* Build configuration list for PBXNativeTarget "networt" */;
			buildPhases = (
				4FC3C88E2BBD77DB00C8911B /* Sources */,
				4FC3C88F2BBD77DB00C8911B /* Frameworks */,
				4FC3C8902BBD77DB00C8911B /* Resources */,
			);
			buildRules = (
			);
			dependencies = (
			);
			name = networt;
			productName = networt;
			productReference = 4FC3C8922BBD77DB00C8911B /* networt.app */;
			productType = "com.apple.product-type.application";
		};
		4FC3C8A32BBD77E500C8911B /* networtTests */ = {
			isa = PBXNativeTarget;
			buildConfigurationList = 4FC3C8BB2BBD77E500C8911B /* Build configuration list for PBXNativeTarget "networtTests" */;
			buildPhases = (
				4FC3C8A02BBD77E500C8911B /* Sources */,
				4FC3C8A12BBD77E500C8911B /* Frameworks */,
				4FC3C8A22BBD77E500C8911B /* Resources */,
			);
			buildRules = (
			);
			dependencies = (
				4FC3C8A62BBD77E500C8911B /* PBXTargetDependency */,
			);
			name = networtTests;
			productName = networtTests;
			productReference = 4FC3C8A42BBD77E500C8911B /* networtTests.xctest */;
			productType = "com.apple.product-type.bundle.unit-test";
		};
		4FC3C8AD2BBD77E500C8911B /* networtUITests */ = {
			isa = PBXNativeTarget;
			buildConfigurationList = 4FC3C8BE2BBD77E500C8911B /* Build configuration list for PBXNativeTarget "networtUITests" */;
			buildPhases = (
				4FC3C8AA2BBD77E500C8911B /* Sources */,
				4FC3C8AB2BBD77E500C8911B /* Frameworks */,
				4FC3C8AC2BBD77E500C8911B /* Resources */,
			);
			buildRules = (
			);
			dependencies = (
				4FC3C8B02BBD77E500C8911B /* PBXTargetDependency */,
			);
			name = networtUITests;
			productName = networtUITests;
			productReference = 4FC3C8AE2BBD77E500C8911B /* networtUITests.xctest */;
			productType = "com.apple.product-type.bundle.ui-testing";
		};
/* End PBXNativeTarget section */

/* Begin PBXProject section */
		4FC3C88A2BBD77DB00C8911B /* Project object */ = {
			isa = PBXProject;
			attributes = {
				BuildIndependentTargetsInParallel = 1;
				LastSwiftUpdateCheck = 1510;
				LastUpgradeCheck = 1510;
				TargetAttributes = {
					4FC3C8912BBD77DB00C8911B = {
						CreatedOnToolsVersion = 15.1;
					};
					4FC3C8A32BBD77E500C8911B = {
						CreatedOnToolsVersion = 15.1;
						TestTargetID = 4FC3C8912BBD77DB00C8911B;
					};
					4FC3C8AD2BBD77E500C8911B = {
						CreatedOnToolsVersion = 15.1;
						TestTargetID = 4FC3C8912BBD77DB00C8911B;
					};
				};
			};
			buildConfigurationList = 4FC3C88D2BBD77DB00C8911B /* Build configuration list for PBXProject "networt" */;
			compatibilityVersion = "Xcode 14.0";
			developmentRegion = en;
			hasScannedForEncodings = 0;
			knownRegions = (
				en,
				Base,
			);
			mainGroup = 4FC3C8892BBD77DB00C8911B;
			productRefGroup = 4FC3C8932BBD77DB00C8911B /* Products */;
			projectDirPath = "";
			projectRoot = "";
			targets = (
				4FC3C8912BBD77DB00C8911B /* networt */,
				4FC3C8A32BBD77E500C8911B /* networtTests */,
				4FC3C8AD2BBD77E500C8911B /* networtUITests */,
			);
		};
/* End PBXProject section */

/* Begin PBXResourcesBuildPhase section */
		4FC3C8902BBD77DB00C8911B /* Resources */ = {
			isa = PBXResourcesBuildPhase;
			buildActionMask = 2147483647;
			files = (
				4FC3C89F2BBD77E400C8911B /* Preview Assets.xcassets in Resources */,
				4FC3C89C2BBD77E400C8911B /* Assets.xcassets in Resources */,
			);
			runOnlyForDeploymentPostprocessing = 0;
		};
		4FC3C8A22BBD77E500C8911B /* Resources */ = {
			isa = PBXResourcesBuildPhase;
			buildActionMask = 2147483647;
			files = (
			);
			runOnlyForDeploymentPostprocessing = 0;
		};
		4FC3C8AC2BBD77E500C8911B /* Resources */ = {
			isa = PBXResourcesBuildPhase;
			buildActionMask = 2147483647;
			files = (
			);
			runOnlyForDeploymentPostprocessing = 0;
		};
/* End PBXResourcesBuildPhase section */

/* Begin PBXSourcesBuildPhase section */
		4FC3C88E2BBD77DB00C8911B /* Sources */ = {
			isa = PBXSourcesBuildPhase;
			buildActionMask = 2147483647;
			files = (
				4FC448D42BD410E000E87A4F /* CurrencyListPickerView.swift in Sources */,
				4FC1FF162BC7FDF0001912A8 /* CurrencyRates.swift in Sources */,
				4FC7A54E2BC2D094005CA5B2 /* SettingsView.swift in Sources */,
				4FC7A5502BC2D804005CA5B2 /* GlobalSettings.swift in Sources */,
				4FBE55B52BC30956008CBC42 /* AccountsListView.swift in Sources */,
				4FBE55B72BC32A1D008CBC42 /* Transaction.swift in Sources */,
				4FC3C8962BBD77DC00C8911B /* networtApp.swift in Sources */,
				4F8302782BCC359F004A5882 /* NetworthView.swift in Sources */,
				4FC7A54A2BC2B99A005CA5B2 /* BankInfo.swift in Sources */,
				4FBE55BD2BC3D00A008CBC42 /* UpdatesView.swift in Sources */,
				4F22F78D2BCA995A00D26908 /* CurrencyPickerView.swift in Sources */,
				4FBE55C12BC3DEBF008CBC42 /* LockView.swift in Sources */,
				4FBE55BF2BC3D1EE008CBC42 /* BankCardView.swift in Sources */,
				4FC7A54C2BC2C07A005CA5B2 /* AddBankAccount.swift in Sources */,
				4F83027A2BCC39F9004A5882 /* TxnsListView.swift in Sources */,
			);
			runOnlyForDeploymentPostprocessing = 0;
		};
		4FC3C8A02BBD77E500C8911B /* Sources */ = {
			isa = PBXSourcesBuildPhase;
			buildActionMask = 2147483647;
			files = (
				4FC3C8A92BBD77E500C8911B /* networtTests.swift in Sources */,
			);
			runOnlyForDeploymentPostprocessing = 0;
		};
		4FC3C8AA2BBD77E500C8911B /* Sources */ = {
			isa = PBXSourcesBuildPhase;
			buildActionMask = 2147483647;
			files = (
				4FC3C8B52BBD77E500C8911B /* networtUITestsLaunchTests.swift in Sources */,
				4FC3C8B32BBD77E500C8911B /* networtUITests.swift in Sources */,
			);
			runOnlyForDeploymentPostprocessing = 0;
		};
/* End PBXSourcesBuildPhase section */

/* Begin PBXTargetDependency section */
		4FC3C8A62BBD77E500C8911B /* PBXTargetDependency */ = {
			isa = PBXTargetDependency;
			target = 4FC3C8912BBD77DB00C8911B /* networt */;
			targetProxy = 4FC3C8A52BBD77E500C8911B /* PBXContainerItemProxy */;
		};
		4FC3C8B02BBD77E500C8911B /* PBXTargetDependency */ = {
			isa = PBXTargetDependency;
			target = 4FC3C8912BBD77DB00C8911B /* networt */;
			targetProxy = 4FC3C8AF2BBD77E500C8911B /* PBXContainerItemProxy */;
		};
/* End PBXTargetDependency section */

/* Begin XCBuildConfiguration section */
		4FC3C8B62BBD77E500C8911B /* Debug */ = {
			isa = XCBuildConfiguration;
			buildSettings = {
				ALWAYS_SEARCH_USER_PATHS = NO;
				ASSETCATALOG_COMPILER_GENERATE_SWIFT_ASSET_SYMBOL_EXTENSIONS = YES;
				CLANG_ANALYZER_NONNULL = YES;
				CLANG_ANALYZER_NUMBER_OBJECT_CONVERSION = YES_AGGRESSIVE;
				CLANG_CXX_LANGUAGE_STANDARD = "gnu++20";
				CLANG_ENABLE_MODULES = YES;
				CLANG_ENABLE_OBJC_ARC = YES;
				CLANG_ENABLE_OBJC_WEAK = YES;
				CLANG_WARN_BLOCK_CAPTURE_AUTORELEASING = YES;
				CLANG_WARN_BOOL_CONVERSION = YES;
				CLANG_WARN_COMMA = YES;
				CLANG_WARN_CONSTANT_CONVERSION = YES;
				CLANG_WARN_DEPRECATED_OBJC_IMPLEMENTATIONS = YES;
				CLANG_WARN_DIRECT_OBJC_ISA_USAGE = YES_ERROR;
				CLANG_WARN_DOCUMENTATION_COMMENTS = YES;
				CLANG_WARN_EMPTY_BODY = YES;
				CLANG_WARN_ENUM_CONVERSION = YES;
				CLANG_WARN_INFINITE_RECURSION = YES;
				CLANG_WARN_INT_CONVERSION = YES;
				CLANG_WARN_NON_LITERAL_NULL_CONVERSION = YES;
				CLANG_WARN_OBJC_IMPLICIT_RETAIN_SELF = YES;
				CLANG_WARN_OBJC_LITERAL_CONVERSION = YES;
				CLANG_WARN_OBJC_ROOT_CLASS = YES_ERROR;
				CLANG_WARN_QUOTED_INCLUDE_IN_FRAMEWORK_HEADER = YES;
				CLANG_WARN_RANGE_LOOP_ANALYSIS = YES;
				CLANG_WARN_STRICT_PROTOTYPES = YES;
				CLANG_WARN_SUSPICIOUS_MOVE = YES;
				CLANG_WARN_UNGUARDED_AVAILABILITY = YES_AGGRESSIVE;
				CLANG_WARN_UNREACHABLE_CODE = YES;
				CLANG_WARN__DUPLICATE_METHOD_MATCH = YES;
				COPY_PHASE_STRIP = NO;
				DEBUG_INFORMATION_FORMAT = dwarf;
				ENABLE_STRICT_OBJC_MSGSEND = YES;
				ENABLE_TESTABILITY = YES;
				ENABLE_USER_SCRIPT_SANDBOXING = YES;
				GCC_C_LANGUAGE_STANDARD = gnu17;
				GCC_DYNAMIC_NO_PIC = NO;
				GCC_NO_COMMON_BLOCKS = YES;
				GCC_OPTIMIZATION_LEVEL = 0;
				GCC_PREPROCESSOR_DEFINITIONS = (
					"DEBUG=1",
					"$(inherited)",
				);
				GCC_WARN_64_TO_32_BIT_CONVERSION = YES;
				GCC_WARN_ABOUT_RETURN_TYPE = YES_ERROR;
				GCC_WARN_UNDECLARED_SELECTOR = YES;
				GCC_WARN_UNINITIALIZED_AUTOS = YES_AGGRESSIVE;
				GCC_WARN_UNUSED_FUNCTION = YES;
				GCC_WARN_UNUSED_VARIABLE = YES;
				IPHONEOS_DEPLOYMENT_TARGET = 17.2;
				LOCALIZATION_PREFERS_STRING_CATALOGS = YES;
				MTL_ENABLE_DEBUG_INFO = INCLUDE_SOURCE;
				MTL_FAST_MATH = YES;
				ONLY_ACTIVE_ARCH = YES;
				SDKROOT = iphoneos;
				SWIFT_ACTIVE_COMPILATION_CONDITIONS = "DEBUG $(inherited)";
				SWIFT_OPTIMIZATION_LEVEL = "-Onone";
			};
			name = Debug;
		};
		4FC3C8B72BBD77E500C8911B /* Release */ = {
			isa = XCBuildConfiguration;
			buildSettings = {
				ALWAYS_SEARCH_USER_PATHS = NO;
				ASSETCATALOG_COMPILER_GENERATE_SWIFT_ASSET_SYMBOL_EXTENSIONS = YES;
				CLANG_ANALYZER_NONNULL = YES;
				CLANG_ANALYZER_NUMBER_OBJECT_CONVERSION = YES_AGGRESSIVE;
				CLANG_CXX_LANGUAGE_STANDARD = "gnu++20";
				CLANG_ENABLE_MODULES = YES;
				CLANG_ENABLE_OBJC_ARC = YES;
				CLANG_ENABLE_OBJC_WEAK = YES;
				CLANG_WARN_BLOCK_CAPTURE_AUTORELEASING = YES;
				CLANG_WARN_BOOL_CONVERSION = YES;
				CLANG_WARN_COMMA = YES;
				CLANG_WARN_CONSTANT_CONVERSION = YES;
				CLANG_WARN_DEPRECATED_OBJC_IMPLEMENTATIONS = YES;
				CLANG_WARN_DIRECT_OBJC_ISA_USAGE = YES_ERROR;
				CLANG_WARN_DOCUMENTATION_COMMENTS = YES;
				CLANG_WARN_EMPTY_BODY = YES;
				CLANG_WARN_ENUM_CONVERSION = YES;
				CLANG_WARN_INFINITE_RECURSION = YES;
				CLANG_WARN_INT_CONVERSION = YES;
				CLANG_WARN_NON_LITERAL_NULL_CONVERSION = YES;
				CLANG_WARN_OBJC_IMPLICIT_RETAIN_SELF = YES;
				CLANG_WARN_OBJC_LITERAL_CONVERSION = YES;
				CLANG_WARN_OBJC_ROOT_CLASS = YES_ERROR;
				CLANG_WARN_QUOTED_INCLUDE_IN_FRAMEWORK_HEADER = YES;
				CLANG_WARN_RANGE_LOOP_ANALYSIS = YES;
				CLANG_WARN_STRICT_PROTOTYPES = YES;
				CLANG_WARN_SUSPICIOUS_MOVE = YES;
				CLANG_WARN_UNGUARDED_AVAILABILITY = YES_AGGRESSIVE;
				CLANG_WARN_UNREACHABLE_CODE = YES;
				CLANG_WARN__DUPLICATE_METHOD_MATCH = YES;
				COPY_PHASE_STRIP = NO;
				DEBUG_INFORMATION_FORMAT = "dwarf-with-dsym";
				ENABLE_NS_ASSERTIONS = NO;
				ENABLE_STRICT_OBJC_MSGSEND = YES;
				ENABLE_USER_SCRIPT_SANDBOXING = YES;
				GCC_C_LANGUAGE_STANDARD = gnu17;
				GCC_NO_COMMON_BLOCKS = YES;
				GCC_WARN_64_TO_32_BIT_CONVERSION = YES;
				GCC_WARN_ABOUT_RETURN_TYPE = YES_ERROR;
				GCC_WARN_UNDECLARED_SELECTOR = YES;
				GCC_WARN_UNINITIALIZED_AUTOS = YES_AGGRESSIVE;
				GCC_WARN_UNUSED_FUNCTION = YES;
				GCC_WARN_UNUSED_VARIABLE = YES;
				IPHONEOS_DEPLOYMENT_TARGET = 17.2;
				LOCALIZATION_PREFERS_STRING_CATALOGS = YES;
				MTL_ENABLE_DEBUG_INFO = NO;
				MTL_FAST_MATH = YES;
				SDKROOT = iphoneos;
				SWIFT_COMPILATION_MODE = wholemodule;
				VALIDATE_PRODUCT = YES;
			};
			name = Release;
		};
		4FC3C8B92BBD77E500C8911B /* Debug */ = {
			isa = XCBuildConfiguration;
			buildSettings = {
				ASSETCATALOG_COMPILER_APPICON_NAME = AppIcon;
				ASSETCATALOG_COMPILER_GLOBAL_ACCENT_COLOR_NAME = AccentColor;
				ASSETCATALOG_COMPILER_INCLUDE_ALL_APPICON_ASSETS = NO;
				CODE_SIGN_STYLE = Automatic;
				CURRENT_PROJECT_VERSION = 1;
				DEVELOPMENT_ASSET_PATHS = "\"networt/Preview Content\"";
				DEVELOPMENT_TEAM = AVHBF8657S;
				ENABLE_PREVIEWS = YES;
				GENERATE_INFOPLIST_FILE = YES;
				INFOPLIST_KEY_CFBundleDisplayName = "My Networth";
				INFOPLIST_KEY_UIApplicationSceneManifest_Generation = YES;
				INFOPLIST_KEY_UIApplicationSupportsIndirectInputEvents = YES;
				INFOPLIST_KEY_UILaunchScreen_Generation = YES;
				INFOPLIST_KEY_UISupportedInterfaceOrientations_iPad = "UIInterfaceOrientationPortrait UIInterfaceOrientationPortraitUpsideDown UIInterfaceOrientationLandscapeLeft UIInterfaceOrientationLandscapeRight";
				INFOPLIST_KEY_UISupportedInterfaceOrientations_iPhone = "UIInterfaceOrientationPortrait UIInterfaceOrientationLandscapeLeft UIInterfaceOrientationLandscapeRight";
				LD_RUNPATH_SEARCH_PATHS = (
					"$(inherited)",
					"@executable_path/Frameworks",
				);
				MARKETING_VERSION = 1.0;
				PRODUCT_BUNDLE_IDENTIFIER = test.networth;
				PRODUCT_NAME = "$(TARGET_NAME)";
				SWIFT_EMIT_LOC_STRINGS = YES;
				SWIFT_VERSION = 5.0;
				TARGETED_DEVICE_FAMILY = "1,2";
			};
			name = Debug;
		};
		4FC3C8BA2BBD77E500C8911B /* Release */ = {
			isa = XCBuildConfiguration;
			buildSettings = {
				ASSETCATALOG_COMPILER_APPICON_NAME = AppIcon;
				ASSETCATALOG_COMPILER_GLOBAL_ACCENT_COLOR_NAME = AccentColor;
				ASSETCATALOG_COMPILER_INCLUDE_ALL_APPICON_ASSETS = NO;
				CODE_SIGN_STYLE = Automatic;
				CURRENT_PROJECT_VERSION = 1;
				DEVELOPMENT_ASSET_PATHS = "\"networt/Preview Content\"";
				DEVELOPMENT_TEAM = AVHBF8657S;
				ENABLE_PREVIEWS = YES;
				GENERATE_INFOPLIST_FILE = YES;
				INFOPLIST_KEY_CFBundleDisplayName = "My Networth";
				INFOPLIST_KEY_UIApplicationSceneManifest_Generation = YES;
				INFOPLIST_KEY_UIApplicationSupportsIndirectInputEvents = YES;
				INFOPLIST_KEY_UILaunchScreen_Generation = YES;
				INFOPLIST_KEY_UISupportedInterfaceOrientations_iPad = "UIInterfaceOrientationPortrait UIInterfaceOrientationPortraitUpsideDown UIInterfaceOrientationLandscapeLeft UIInterfaceOrientationLandscapeRight";
				INFOPLIST_KEY_UISupportedInterfaceOrientations_iPhone = "UIInterfaceOrientationPortrait UIInterfaceOrientationLandscapeLeft UIInterfaceOrientationLandscapeRight";
				LD_RUNPATH_SEARCH_PATHS = (
					"$(inherited)",
					"@executable_path/Frameworks",
				);
				MARKETING_VERSION = 1.0;
				PRODUCT_BUNDLE_IDENTIFIER = test.networth;
				PRODUCT_NAME = "$(TARGET_NAME)";
				SWIFT_EMIT_LOC_STRINGS = YES;
				SWIFT_VERSION = 5.0;
				TARGETED_DEVICE_FAMILY = "1,2";
			};
			name = Release;
		};
		4FC3C8BC2BBD77E500C8911B /* Debug */ = {
			isa = XCBuildConfiguration;
			buildSettings = {
				ALWAYS_EMBED_SWIFT_STANDARD_LIBRARIES = YES;
				BUNDLE_LOADER = "$(TEST_HOST)";
				CODE_SIGN_STYLE = Automatic;
				CURRENT_PROJECT_VERSION = 1;
				GENERATE_INFOPLIST_FILE = YES;
				IPHONEOS_DEPLOYMENT_TARGET = 17.2;
				MARKETING_VERSION = 1.0;
				PRODUCT_BUNDLE_IDENTIFIER = test.networtTests;
				PRODUCT_NAME = "$(TARGET_NAME)";
				SWIFT_EMIT_LOC_STRINGS = NO;
				SWIFT_VERSION = 5.0;
				TARGETED_DEVICE_FAMILY = "1,2";
				TEST_HOST = "$(BUILT_PRODUCTS_DIR)/networt.app/$(BUNDLE_EXECUTABLE_FOLDER_PATH)/networt";
			};
			name = Debug;
		};
		4FC3C8BD2BBD77E500C8911B /* Release */ = {
			isa = XCBuildConfiguration;
			buildSettings = {
				ALWAYS_EMBED_SWIFT_STANDARD_LIBRARIES = YES;
				BUNDLE_LOADER = "$(TEST_HOST)";
				CODE_SIGN_STYLE = Automatic;
				CURRENT_PROJECT_VERSION = 1;
				GENERATE_INFOPLIST_FILE = YES;
				IPHONEOS_DEPLOYMENT_TARGET = 17.2;
				MARKETING_VERSION = 1.0;
				PRODUCT_BUNDLE_IDENTIFIER = test.networtTests;
				PRODUCT_NAME = "$(TARGET_NAME)";
				SWIFT_EMIT_LOC_STRINGS = NO;
				SWIFT_VERSION = 5.0;
				TARGETED_DEVICE_FAMILY = "1,2";
				TEST_HOST = "$(BUILT_PRODUCTS_DIR)/networt.app/$(BUNDLE_EXECUTABLE_FOLDER_PATH)/networt";
			};
			name = Release;
		};
		4FC3C8BF2BBD77E500C8911B /* Debug */ = {
			isa = XCBuildConfiguration;
			buildSettings = {
				ALWAYS_EMBED_SWIFT_STANDARD_LIBRARIES = YES;
				CODE_SIGN_STYLE = Automatic;
				CURRENT_PROJECT_VERSION = 1;
				GENERATE_INFOPLIST_FILE = YES;
				MARKETING_VERSION = 1.0;
				PRODUCT_BUNDLE_IDENTIFIER = test.networtUITests;
				PRODUCT_NAME = "$(TARGET_NAME)";
				SWIFT_EMIT_LOC_STRINGS = NO;
				SWIFT_VERSION = 5.0;
				TARGETED_DEVICE_FAMILY = "1,2";
				TEST_TARGET_NAME = networt;
			};
			name = Debug;
		};
		4FC3C8C02BBD77E500C8911B /* Release */ = {
			isa = XCBuildConfiguration;
			buildSettings = {
				ALWAYS_EMBED_SWIFT_STANDARD_LIBRARIES = YES;
				CODE_SIGN_STYLE = Automatic;
				CURRENT_PROJECT_VERSION = 1;
				GENERATE_INFOPLIST_FILE = YES;
				MARKETING_VERSION = 1.0;
				PRODUCT_BUNDLE_IDENTIFIER = test.networtUITests;
				PRODUCT_NAME = "$(TARGET_NAME)";
				SWIFT_EMIT_LOC_STRINGS = NO;
				SWIFT_VERSION = 5.0;
				TARGETED_DEVICE_FAMILY = "1,2";
				TEST_TARGET_NAME = networt;
			};
			name = Release;
		};
/* End XCBuildConfiguration section */

/* Begin XCConfigurationList section */
		4FC3C88D2BBD77DB00C8911B /* Build configuration list for PBXProject "networt" */ = {
			isa = XCConfigurationList;
			buildConfigurations = (
				4FC3C8B62BBD77E500C8911B /* Debug */,
				4FC3C8B72BBD77E500C8911B /* Release */,
			);
			defaultConfigurationIsVisible = 0;
			defaultConfigurationName = Release;
		};
		4FC3C8B82BBD77E500C8911B /* Build configuration list for PBXNativeTarget "networt" */ = {
			isa = XCConfigurationList;
			buildConfigurations = (
				4FC3C8B92BBD77E500C8911B /* Debug */,
				4FC3C8BA2BBD77E500C8911B /* Release */,
			);
			defaultConfigurationIsVisible = 0;
			defaultConfigurationName = Release;
		};
		4FC3C8BB2BBD77E500C8911B /* Build configuration list for PBXNativeTarget "networtTests" */ = {
			isa = XCConfigurationList;
			buildConfigurations = (
				4FC3C8BC2BBD77E500C8911B /* Debug */,
				4FC3C8BD2BBD77E500C8911B /* Release */,
			);
			defaultConfigurationIsVisible = 0;
			defaultConfigurationName = Release;
		};
		4FC3C8BE2BBD77E500C8911B /* Build configuration list for PBXNativeTarget "networtUITests" */ = {
			isa = XCConfigurationList;
			buildConfigurations = (
				4FC3C8BF2BBD77E500C8911B /* Debug */,
				4FC3C8C02BBD77E500C8911B /* Release */,
			);
			defaultConfigurationIsVisible = 0;
			defaultConfigurationName = Release;
		};
/* End XCConfigurationList section */
	};
	rootObject = 4FC3C88A2BBD77DB00C8911B /* Project object */;
}
